
Microsoft Visual Studio Solution File, Format Version 12.00
# Visual Studio Version 17
VisualStudioVersion = 17.14.36301.6 d17.14
MinimumVisualStudioVersion = 10.0.40219.1
Project("{FAE04EC0-301F-11D3-BF4B-00C04F79EFBC}") = "ListaGenerica", "ListaGenerica.csproj", "{163E5D43-1899-490A-BAB3-B40A6DE6F618}"
EndProject
Global
	GlobalSection(SolutionConfigurationPlatforms) = preSolution
		Debug|Any CPU = Debug|Any CPU
		Release|Any CPU = Release|Any CPU
	EndGlobalSection
	GlobalSection(ProjectConfigurationPlatforms) = postSolution
		{163E5D43-1899-490A-BAB3-B40A6DE6F618}.Debug|Any CPU.ActiveCfg = Debug|Any CPU
		{163E5D43-1899-490A-BAB3-B40A6DE6F618}.Debug|Any CPU.Build.0 = Debug|Any CPU
		{163E5D43-1899-490A-BAB3-B40A6DE6F618}.Release|Any CPU.ActiveCfg = Release|Any CPU
		{163E5D43-1899-490A-BAB3-B40A6DE6F618}.Release|Any CPU.Build.0 = Release|Any CPU
	EndGlobalSection
	GlobalSection(SolutionProperties) = preSolution
		HideSolutionNode = FALSE
	EndGlobalSection
	GlobalSection(ExtensibilityGlobals) = postSolution
		SolutionGuid = {4C3DA4E8-3268-4737-A9C1-EFA405223410}
	EndGlobalSection
EndGlobal
